
Microsoft Visual Studio Solution File, Format Version 12.00
# Visual Studio 2013
VisualStudioVersion = 12.0.31101.0
MinimumVisualStudioVersion = 10.0.40219.1
Project("{FAE04EC0-301F-11D3-BF4B-00C04F79EFBC}") = "ServerDemo", "Server\ServerDemo.csproj", "{306F3B2B-5036-4E25-AC63-C1BC3114EB45}"
EndProject
Project("{FAE04EC0-301F-11D3-BF4B-00C04F79EFBC}") = "ClientSample", "Client\ClientSample.csproj", "{A8211C3D-0993-4228-AE5E-3AE9B73050BE}"
EndProject
Global
	GlobalSection(SolutionConfigurationPlatforms) = preSolution
		Debug|Any CPU = Debug|Any CPU
		Release|Any CPU = Release|Any CPU
	EndGlobalSection
	GlobalSection(ProjectConfigurationPlatforms) = postSolution
		{306F3B2B-5036-4E25-AC63-C1BC3114EB45}.Debug|Any CPU.ActiveCfg = Debug|Any CPU
		{306F3B2B-5036-4E25-AC63-C1BC3114EB45}.Debug|Any CPU.Build.0 = Debug|Any CPU
		{306F3B2B-5036-4E25-AC63-C1BC3114EB45}.Release|Any CPU.ActiveCfg = Release|Any CPU
		{306F3B2B-5036-4E25-AC63-C1BC3114EB45}.Release|Any CPU.Build.0 = Release|Any CPU
		{A8211C3D-0993-4228-AE5E-3AE9B73050BE}.Debug|Any CPU.ActiveCfg = Debug|Any CPU
		{A8211C3D-0993-4228-AE5E-3AE9B73050BE}.Debug|Any CPU.Build.0 = Debug|Any CPU
		{A8211C3D-0993-4228-AE5E-3AE9B73050BE}.Release|Any CPU.ActiveCfg = Release|Any CPU
		{A8211C3D-0993-4228-AE5E-3AE9B73050BE}.Release|Any CPU.Build.0 = Release|Any CPU
	EndGlobalSection
	GlobalSection(SolutionProperties) = preSolution
		HideSolutionNode = FALSE
	EndGlobalSection
EndGlobal
